{
	"name": "@wx/miniprogram-composition-api",
	"version": "0.3.4",
	"lockfileVersion": 1,
	"requires": true,
	"dependencies": {
		"lodash": {
			"version": "4.17.20",
			"resolved": "http://192.168.0.233:4873/lodash/-/lodash-4.17.20.tgz",
			"integrity": "sha1-tEqbYpe8tpjxxRo1RaKzs2jVnFI="
		},
		"miniprogram-api-typings": {
			"version": "3.0.2",
			"resolved": "http://192.168.0.233:4873/miniprogram-api-typings/-/miniprogram-api-typings-3.0.2.tgz",
			"integrity": "sha1-xyhJQodEz4hGJWnFcpGzMrr0wxk=",
			"dev": true
		}
	}
}
