{
	"name": "miniprogram-composition-api",
	"version": "0.2.4",
	"lockfileVersion": 1,
	"requires": true,
	"dependencies": {
		"@babel/runtime": {
			"version": "7.11.2",
			"resolved": "http://192.168.0.233:4873/@babel%2fruntime/-/runtime-7.11.2.tgz",
			"integrity": "sha1-9UnBPHVMxAuHZEufqfCaapX+BzY=",
			"requires": {
				"regenerator-runtime": "^0.13.4"
			}
		},
		"@jsmini/clone": {
			"version": "0.4.2",
			"resolved": "http://192.168.0.233:4873/@jsmini%2fclone/-/clone-0.4.2.tgz",
			"integrity": "sha1-Wt0KYWi4FUVSNJ74IIbH+VYZX+E=",
			"requires": {
				"@babel/runtime": "^7.1.2",
				"@jsmini/type": "^0.9.1"
			}
		},
		"@jsmini/functional": {
			"version": "0.2.3",
			"resolved": "http://192.168.0.233:4873/@jsmini%2ffunctional/-/functional-0.2.3.tgz",
			"integrity": "sha1-Pgcud7wC1UQ2jg/lJJRFBomMq1U=",
			"requires": {
				"@babel/runtime": "^7.1.2",
				"@jsmini/type": "^0.9.0"
			}
		},
		"@jsmini/isequal": {
			"version": "0.4.2",
			"resolved": "http://192.168.0.233:4873/@jsmini%2fisequal/-/isequal-0.4.2.tgz",
			"integrity": "sha1-GPGetMuv2DKaK/Dk7wI0w/me/IQ=",
			"requires": {
				"@jsmini/functional": "^0.2.2",
				"@jsmini/type": "^0.9.0"
			}
		},
		"@jsmini/type": {
			"version": "0.9.2",
			"resolved": "http://192.168.0.233:4873/@jsmini%2ftype/-/type-0.9.2.tgz",
			"integrity": "sha1-01M5V7791KJL9ep2E//0U7WOL/k=",
			"requires": {
				"@babel/runtime": "^7.1.2"
			}
		},
		"lodash": {
			"version": "4.17.20",
			"resolved": "http://192.168.0.233:4873/lodash/-/lodash-4.17.20.tgz",
			"integrity": "sha1-tEqbYpe8tpjxxRo1RaKzs2jVnFI="
		},
		"miniprogram-api-typings": {
			"version": "3.0.2",
			"resolved": "http://192.168.0.233:4873/miniprogram-api-typings/-/miniprogram-api-typings-3.0.2.tgz",
			"integrity": "sha1-xyhJQodEz4hGJWnFcpGzMrr0wxk=",
			"dev": true
		},
		"regenerator-runtime": {
			"version": "0.13.7",
			"resolved": "http://192.168.0.233:4873/regenerator-runtime/-/regenerator-runtime-0.13.7.tgz",
			"integrity": "sha1-ysLazIoepnX+qrrriugziYrkb1U="
		}
	}
}
